
Microsoft Visual Studio Solution File, Format Version 12.00
# Visual Studio 2013
VisualStudioVersion = 12.0.30723.0
MinimumVisualStudioVersion = 10.0.40219.1
Project("{FAE04EC0-301F-11D3-BF4B-00C04F79EFBC}") = "ImageEnhancer", "ImageEnhancer\ImageEnhancer.csproj", "{96EFA17A-49C9-454F-8C9B-9D28C66E7AB9}"
EndProject
Project("{FAE04EC0-301F-11D3-BF4B-00C04F79EFBC}") = "ImageEnhancerLibrary", "ImageEnhancerLibrary\ImageEnhancerLibrary.csproj", "{F5B67C75-4853-46B9-B779-2C59568A9261}"
EndProject
Project("{FAE04EC0-301F-11D3-BF4B-00C04F79EFBC}") = "ImageEnhancerLibraryUnitTests", "ImageEnhancerLibraryUnitTests\ImageEnhancerLibraryUnitTests.csproj", "{FB20AFB3-5FCA-40E5-A95D-A32526DA9731}"
EndProject
Global
	GlobalSection(SolutionConfigurationPlatforms) = preSolution
		Debug|Any CPU = Debug|Any CPU
		Release|Any CPU = Release|Any CPU
	EndGlobalSection
	GlobalSection(ProjectConfigurationPlatforms) = postSolution
		{96EFA17A-49C9-454F-8C9B-9D28C66E7AB9}.Debug|Any CPU.ActiveCfg = Debug|Any CPU
		{96EFA17A-49C9-454F-8C9B-9D28C66E7AB9}.Debug|Any CPU.Build.0 = Debug|Any CPU
		{96EFA17A-49C9-454F-8C9B-9D28C66E7AB9}.Release|Any CPU.ActiveCfg = Release|Any CPU
		{96EFA17A-49C9-454F-8C9B-9D28C66E7AB9}.Release|Any CPU.Build.0 = Release|Any CPU
		{F5B67C75-4853-46B9-B779-2C59568A9261}.Debug|Any CPU.ActiveCfg = Debug|Any CPU
		{F5B67C75-4853-46B9-B779-2C59568A9261}.Debug|Any CPU.Build.0 = Debug|Any CPU
		{F5B67C75-4853-46B9-B779-2C59568A9261}.Release|Any CPU.ActiveCfg = Release|Any CPU
		{F5B67C75-4853-46B9-B779-2C59568A9261}.Release|Any CPU.Build.0 = Release|Any CPU
		{FB20AFB3-5FCA-40E5-A95D-A32526DA9731}.Debug|Any CPU.ActiveCfg = Debug|Any CPU
		{FB20AFB3-5FCA-40E5-A95D-A32526DA9731}.Debug|Any CPU.Build.0 = Debug|Any CPU
		{FB20AFB3-5FCA-40E5-A95D-A32526DA9731}.Release|Any CPU.ActiveCfg = Release|Any CPU
		{FB20AFB3-5FCA-40E5-A95D-A32526DA9731}.Release|Any CPU.Build.0 = Release|Any CPU
	EndGlobalSection
	GlobalSection(SolutionProperties) = preSolution
		HideSolutionNode = FALSE
	EndGlobalSection
EndGlobal
